
Microsoft Visual Studio Solution File, Format Version 12.00
# Visual Studio Version 16
VisualStudioVersion = 16.0.29025.244
MinimumVisualStudioVersion = 10.0.40219.1
Project("{9A19103F-16F7-4668-BE54-9A1E7A4F7556}") = "vDependencyResolver", "vDependencyResolver\vDependencyResolver.csproj", "{718B41A6-7E8B-4E29-89D3-47293F373627}"
EndProject
Project("{2150E333-8FDC-42A3-9474-1A3956D46DE8}") = "Sample", "Sample", "{7D49F023-BB60-476F-A680-B6C133E5E0E0}"
EndProject
Project("{FAE04EC0-301F-11D3-BF4B-00C04F79EFBC}") = "SampleWebApp", "SampleApp\SampleWebApp\SampleWebApp.csproj", "{5D6C008B-8F56-458D-AD5B-F72FF707A689}"
EndProject
Project("{FAE04EC0-301F-11D3-BF4B-00C04F79EFBC}") = "Contracts", "SampleApp\Contracts\Contracts.csproj", "{C9DFD7B8-EBC4-4AC7-9285-3314DD0619C4}"
EndProject
Project("{FAE04EC0-301F-11D3-BF4B-00C04F79EFBC}") = "Services", "SampleApp\Services\Services.csproj", "{07FEEDB8-035C-42C5-916B-B30472F95F6E}"
EndProject
Global
	GlobalSection(SolutionConfigurationPlatforms) = preSolution
		Debug|Any CPU = Debug|Any CPU
		Release|Any CPU = Release|Any CPU
	EndGlobalSection
	GlobalSection(ProjectConfigurationPlatforms) = postSolution
		{718B41A6-7E8B-4E29-89D3-47293F373627}.Debug|Any CPU.ActiveCfg = Debug|Any CPU
		{718B41A6-7E8B-4E29-89D3-47293F373627}.Debug|Any CPU.Build.0 = Debug|Any CPU
		{718B41A6-7E8B-4E29-89D3-47293F373627}.Release|Any CPU.ActiveCfg = Release|Any CPU
		{718B41A6-7E8B-4E29-89D3-47293F373627}.Release|Any CPU.Build.0 = Release|Any CPU
		{5D6C008B-8F56-458D-AD5B-F72FF707A689}.Debug|Any CPU.ActiveCfg = Debug|Any CPU
		{5D6C008B-8F56-458D-AD5B-F72FF707A689}.Debug|Any CPU.Build.0 = Debug|Any CPU
		{5D6C008B-8F56-458D-AD5B-F72FF707A689}.Release|Any CPU.ActiveCfg = Release|Any CPU
		{5D6C008B-8F56-458D-AD5B-F72FF707A689}.Release|Any CPU.Build.0 = Release|Any CPU
		{C9DFD7B8-EBC4-4AC7-9285-3314DD0619C4}.Debug|Any CPU.ActiveCfg = Debug|Any CPU
		{C9DFD7B8-EBC4-4AC7-9285-3314DD0619C4}.Debug|Any CPU.Build.0 = Debug|Any CPU
		{C9DFD7B8-EBC4-4AC7-9285-3314DD0619C4}.Release|Any CPU.ActiveCfg = Release|Any CPU
		{C9DFD7B8-EBC4-4AC7-9285-3314DD0619C4}.Release|Any CPU.Build.0 = Release|Any CPU
		{07FEEDB8-035C-42C5-916B-B30472F95F6E}.Debug|Any CPU.ActiveCfg = Debug|Any CPU
		{07FEEDB8-035C-42C5-916B-B30472F95F6E}.Debug|Any CPU.Build.0 = Debug|Any CPU
		{07FEEDB8-035C-42C5-916B-B30472F95F6E}.Release|Any CPU.ActiveCfg = Release|Any CPU
		{07FEEDB8-035C-42C5-916B-B30472F95F6E}.Release|Any CPU.Build.0 = Release|Any CPU
	EndGlobalSection
	GlobalSection(SolutionProperties) = preSolution
		HideSolutionNode = FALSE
	EndGlobalSection
	GlobalSection(NestedProjects) = preSolution
		{5D6C008B-8F56-458D-AD5B-F72FF707A689} = {7D49F023-BB60-476F-A680-B6C133E5E0E0}
		{C9DFD7B8-EBC4-4AC7-9285-3314DD0619C4} = {7D49F023-BB60-476F-A680-B6C133E5E0E0}
		{07FEEDB8-035C-42C5-916B-B30472F95F6E} = {7D49F023-BB60-476F-A680-B6C133E5E0E0}
	EndGlobalSection
	GlobalSection(ExtensibilityGlobals) = postSolution
		SolutionGuid = {4BD97C6F-6043-4FE0-93EE-D0D00AADA82A}
	EndGlobalSection
EndGlobal
